
Microsoft Visual Studio Solution File, Format Version 10.00
# Visual Studio 2008
Project("{8BC9CEB8-8B4A-11D0-8D11-00A0C91BC942}") = "asst4", "asst4.vcproj", "{972C0944-3DFF-4139-9FED-02C9680ABB74}"
EndProject
Global
	GlobalSection(SolutionConfigurationPlatforms) = preSolution
		Debug|Win32 = Debug|Win32
		Release|Win32 = Release|Win32
	EndGlobalSection
	GlobalSection(ProjectConfigurationPlatforms) = postSolution
		{972C0944-3DFF-4139-9FED-02C9680ABB74}.Debug|Win32.ActiveCfg = Debug|Win32
		{972C0944-3DFF-4139-9FED-02C9680ABB74}.Debug|Win32.Build.0 = Debug|Win32
		{972C0944-3DFF-4139-9FED-02C9680ABB74}.Release|Win32.ActiveCfg = Release|Win32
		{972C0944-3DFF-4139-9FED-02C9680ABB74}.Release|Win32.Build.0 = Release|Win32
	EndGlobalSection
	GlobalSection(SolutionProperties) = preSolution
		HideSolutionNode = FALSE
	EndGlobalSection
EndGlobal
